
Microsoft Visual Studio Solution File, Format Version 12.00
# Visual Studio Version 16
VisualStudioVersion = 16.0.33027.164
MinimumVisualStudioVersion = 10.0.40219.1
Project("{FAE04EC0-301F-11D3-BF4B-00C04F79EFBC}") = "WebApp", "WebApp\WebApp.csproj", "{6F07C5CD-ACF5-4B1C-995D-807BEFF25DA5}"
EndProject
Global
	GlobalSection(SolutionConfigurationPlatforms) = preSolution
		Debug|Any CPU = Debug|Any CPU
		Release|Any CPU = Release|Any CPU
	EndGlobalSection
	GlobalSection(ProjectConfigurationPlatforms) = postSolution
		{6F07C5CD-ACF5-4B1C-995D-807BEFF25DA5}.Debug|Any CPU.ActiveCfg = Debug|Any CPU
		{6F07C5CD-ACF5-4B1C-995D-807BEFF25DA5}.Debug|Any CPU.Build.0 = Debug|Any CPU
		{6F07C5CD-ACF5-4B1C-995D-807BEFF25DA5}.Release|Any CPU.ActiveCfg = Release|Any CPU
		{6F07C5CD-ACF5-4B1C-995D-807BEFF25DA5}.Release|Any CPU.Build.0 = Release|Any CPU
	EndGlobalSection
	GlobalSection(SolutionProperties) = preSolution
		HideSolutionNode = FALSE
	EndGlobalSection
	GlobalSection(ExtensibilityGlobals) = postSolution
		SolutionGuid = {0AD9A218-6912-426C-A0AF-A437F9CCADEC}
	EndGlobalSection
EndGlobal
